Microsoft Visual Studio Solution File, Format Version 10.00
# Visual Studio 2008
Project("{8BC9CEB8-8B4A-11D0-8D11-00A0C91BC942}") = "Constraints", "Constraints\Constraints_VS2008.vcproj", "{90ECD223-759A-4CA6-8A89-CDB57D81C004}"
EndProject
Project("{8BC9CEB8-8B4A-11D0-8D11-00A0C91BC942}") = "Events", "Events\Events_VS2008.vcproj", "{F600FCBF-D86F-41DA-9520-3B2D5FA6BDA9}"
EndProject
Project("{8BC9CEB8-8B4A-11D0-8D11-00A0C91BC942}") = "HapticMaterials", "HapticMaterials\HapticMaterials_VS2008.vcproj", "{B53D6AE8-B872-4CF9-A18C-A371B2D9A6AB}"
EndProject
Project("{8BC9CEB8-8B4A-11D0-8D11-00A0C91BC942}") = "HapticViewer", "HapticViewer\HapticViewer_VS2008.vcproj", "{40822292-AA99-4F43-AA02-C00FE4695002}"
EndProject
Project("{8BC9CEB8-8B4A-11D0-8D11-00A0C91BC942}") = "HelloHaptics", "HelloHaptics\HelloHaptics_VS2008.vcproj", "{F287F20D-30E2-40DA-807A-9215D1C3391F}"
EndProject
Project("{8BC9CEB8-8B4A-11D0-8D11-00A0C91BC942}") = "HelloSphere", "HelloSphere\HelloSphere_VS2008.vcproj", "{3FAB66F5-BA54-470F-9D4B-3E73E58A76BC}"
EndProject
Project("{8BC9CEB8-8B4A-11D0-8D11-00A0C91BC942}") = "HelloSphereDual", "HelloSphereDual\HelloSphereDual_VS2008.vcproj", "{26E33972-AB91-4199-A878-3B994EF5853C}"
EndProject
Project("{8BC9CEB8-8B4A-11D0-8D11-00A0C91BC942}") = "HL_DOP_Demo", "HL_DOP_Demo\HL_DOP_Demo_VS2008.vcproj", "{1F1167F8-C9D3-4319-9E91-6023717A8B93}"
EndProject
Project("{8BC9CEB8-8B4A-11D0-8D11-00A0C91BC942}") = "PointManipulation", "PointManipulation\PointManipulation_VS2008.vcproj", "{567F4BAC-4081-4A75-9A01-08DC0EDD4C95}"
EndProject
Project("{8BC9CEB8-8B4A-11D0-8D11-00A0C91BC942}") = "ShapeManipulation", "ShapeManipulation\ShapeManipulation_VS2008.vcproj", "{9A7E7EB6-99A0-4DB4-95A1-591BF1CC1C14}"
EndProject
Project("{8BC9CEB8-8B4A-11D0-8D11-00A0C91BC942}") = "SimpleDeformableSurface", "SimpleDeformableSurface\SimpleDeformableSurface_VS2008.vcproj", "{225CBC3B-7851-4377-8A51-22C881C0D0AE}"
EndProject
Project("{8BC9CEB8-8B4A-11D0-8D11-00A0C91BC942}") = "SimplePinchDemo", "SimplePinchDemo\SimplePinchDemo_VS2008.vcproj", "{F045BA30-4116-4E0D-B0D4-FD007F8C9173}"
EndProject
Project("{8BC9CEB8-8B4A-11D0-8D11-00A0C91BC942}") = "SimpleRigidBodyDynamics", "SimpleRigidBodyDynamics\SimpleRigidBodyDynamics_VS2008.vcproj", "{BC59A690-8389-43B6-9B7E-71B8ECC840E1}"
EndProject
Global
	GlobalSection(SolutionConfigurationPlatforms) = preSolution
		Debug|Win32 = Debug|Win32
		Debug|x64 = Debug|x64
		DebugAcademicEdition|Win32 = DebugAcademicEdition|Win32
		DebugAcademicEdition|x64 = DebugAcademicEdition|x64
		Release|Win32 = Release|Win32
		Release|x64 = Release|x64
		ReleaseAcademicEdition|Win32 = ReleaseAcademicEdition|Win32
		ReleaseAcademicEdition|x64 = ReleaseAcademicEdition|x64
	EndGlobalSection
	GlobalSection(ProjectConfigurationPlatforms) = postSolution
		{90ECD223-759A-4CA6-8A89-CDB57D81C004}.Debug|Win32.ActiveCfg = Debug|Win32
		{90ECD223-759A-4CA6-8A89-CDB57D81C004}.Debug|Win32.Build.0 = Debug|Win32
		{90ECD223-759A-4CA6-8A89-CDB57D81C004}.Debug|x64.ActiveCfg = Debug|x64
		{90ECD223-759A-4CA6-8A89-CDB57D81C004}.Debug|x64.Build.0 = Debug|x64
		{90ECD223-759A-4CA6-8A89-CDB57D81C004}.DebugAcademicEdition|Win32.ActiveCfg = DebugAcademicEdition|Win32
		{90ECD223-759A-4CA6-8A89-CDB57D81C004}.DebugAcademicEdition|Win32.Build.0 = DebugAcademicEdition|Win32
		{90ECD223-759A-4CA6-8A89-CDB57D81C004}.DebugAcademicEdition|x64.ActiveCfg = DebugAcademicEdition|x64
		{90ECD223-759A-4CA6-8A89-CDB57D81C004}.DebugAcademicEdition|x64.Build.0 = DebugAcademicEdition|x64
		{90ECD223-759A-4CA6-8A89-CDB57D81C004}.Release|Win32.ActiveCfg = Release|Win32
		{90ECD223-759A-4CA6-8A89-CDB57D81C004}.Release|Win32.Build.0 = Release|Win32
		{90ECD223-759A-4CA6-8A89-CDB57D81C004}.Release|x64.ActiveCfg = Release|x64
		{90ECD223-759A-4CA6-8A89-CDB57D81C004}.Release|x64.Build.0 = Release|x64
		{90ECD223-759A-4CA6-8A89-CDB57D81C004}.ReleaseAcademicEdition|Win32.ActiveCfg = ReleaseAcademicEdition|Win32
		{90ECD223-759A-4CA6-8A89-CDB57D81C004}.ReleaseAcademicEdition|Win32.Build.0 = ReleaseAcademicEdition|Win32
		{90ECD223-759A-4CA6-8A89-CDB57D81C004}.ReleaseAcademicEdition|x64.ActiveCfg = ReleaseAcademicEdition|x64
		{90ECD223-759A-4CA6-8A89-CDB57D81C004}.ReleaseAcademicEdition|x64.Build.0 = ReleaseAcademicEdition|x64
		{F600FCBF-D86F-41DA-9520-3B2D5FA6BDA9}.Debug|Win32.ActiveCfg = Debug|Win32
		{F600FCBF-D86F-41DA-9520-3B2D5FA6BDA9}.Debug|Win32.Build.0 = Debug|Win32
		{F600FCBF-D86F-41DA-9520-3B2D5FA6BDA9}.Debug|x64.ActiveCfg = Debug|x64
		{F600FCBF-D86F-41DA-9520-3B2D5FA6BDA9}.Debug|x64.Build.0 = Debug|x64
		{F600FCBF-D86F-41DA-9520-3B2D5FA6BDA9}.DebugAcademicEdition|Win32.ActiveCfg = DebugAcademicEdition|Win32
		{F600FCBF-D86F-41DA-9520-3B2D5FA6BDA9}.DebugAcademicEdition|Win32.Build.0 = DebugAcademicEdition|Win32
		{F600FCBF-D86F-41DA-9520-3B2D5FA6BDA9}.DebugAcademicEdition|x64.ActiveCfg = DebugAcademicEdition|x64
		{F600FCBF-D86F-41DA-9520-3B2D5FA6BDA9}.DebugAcademicEdition|x64.Build.0 = DebugAcademicEdition|x64
		{F600FCBF-D86F-41DA-9520-3B2D5FA6BDA9}.Release|Win32.ActiveCfg = Release|Win32
		{F600FCBF-D86F-41DA-9520-3B2D5FA6BDA9}.Release|Win32.Build.0 = Release|Win32
		{F600FCBF-D86F-41DA-9520-3B2D5FA6BDA9}.Release|x64.ActiveCfg = Release|x64
		{F600FCBF-D86F-41DA-9520-3B2D5FA6BDA9}.Release|x64.Build.0 = Release|x64
		{F600FCBF-D86F-41DA-9520-3B2D5FA6BDA9}.ReleaseAcademicEdition|Win32.ActiveCfg = ReleaseAcademicEdition|Win32
		{F600FCBF-D86F-41DA-9520-3B2D5FA6BDA9}.ReleaseAcademicEdition|Win32.Build.0 = ReleaseAcademicEdition|Win32
		{F600FCBF-D86F-41DA-9520-3B2D5FA6BDA9}.ReleaseAcademicEdition|x64.ActiveCfg = ReleaseAcademicEdition|x64
		{F600FCBF-D86F-41DA-9520-3B2D5FA6BDA9}.ReleaseAcademicEdition|x64.Build.0 = ReleaseAcademicEdition|x64
		{B53D6AE8-B872-4CF9-A18C-A371B2D9A6AB}.Debug|Win32.ActiveCfg = Debug|Win32
		{B53D6AE8-B872-4CF9-A18C-A371B2D9A6AB}.Debug|Win32.Build.0 = Debug|Win32
		{B53D6AE8-B872-4CF9-A18C-A371B2D9A6AB}.Debug|x64.ActiveCfg = Debug|x64
		{B53D6AE8-B872-4CF9-A18C-A371B2D9A6AB}.Debug|x64.Build.0 = Debug|x64
		{B53D6AE8-B872-4CF9-A18C-A371B2D9A6AB}.DebugAcademicEdition|Win32.ActiveCfg = DebugAcademicEdition|Win32
		{B53D6AE8-B872-4CF9-A18C-A371B2D9A6AB}.DebugAcademicEdition|Win32.Build.0 = DebugAcademicEdition|Win32
		{B53D6AE8-B872-4CF9-A18C-A371B2D9A6AB}.DebugAcademicEdition|x64.ActiveCfg = DebugAcademicEdition|x64
		{B53D6AE8-B872-4CF9-A18C-A371B2D9A6AB}.DebugAcademicEdition|x64.Build.0 = DebugAcademicEdition|x64
		{B53D6AE8-B872-4CF9-A18C-A371B2D9A6AB}.Release|Win32.ActiveCfg = Release|Win32
		{B53D6AE8-B872-4CF9-A18C-A371B2D9A6AB}.Release|Win32.Build.0 = Release|Win32
		{B53D6AE8-B872-4CF9-A18C-A371B2D9A6AB}.Release|x64.ActiveCfg = Release|x64
		{B53D6AE8-B872-4CF9-A18C-A371B2D9A6AB}.Release|x64.Build.0 = Release|x64
		{B53D6AE8-B872-4CF9-A18C-A371B2D9A6AB}.ReleaseAcademicEdition|Win32.ActiveCfg = ReleaseAcademicEdition|Win32
		{B53D6AE8-B872-4CF9-A18C-A371B2D9A6AB}.ReleaseAcademicEdition|Win32.Build.0 = ReleaseAcademicEdition|Win32
		{B53D6AE8-B872-4CF9-A18C-A371B2D9A6AB}.ReleaseAcademicEdition|x64.ActiveCfg = ReleaseAcademicEdition|x64
		{B53D6AE8-B872-4CF9-A18C-A371B2D9A6AB}.ReleaseAcademicEdition|x64.Build.0 = ReleaseAcademicEdition|x64
		{40822292-AA99-4F43-AA02-C00FE4695002}.Debug|Win32.ActiveCfg = Debug|Win32
		{40822292-AA99-4F43-AA02-C00FE4695002}.Debug|Win32.Build.0 = Debug|Win32
		{40822292-AA99-4F43-AA02-C00FE4695002}.Debug|x64.ActiveCfg = Debug|x64
		{40822292-AA99-4F43-AA02-C00FE4695002}.Debug|x64.Build.0 = Debug|x64
		{40822292-AA99-4F43-AA02-C00FE4695002}.DebugAcademicEdition|Win32.ActiveCfg = DebugAcademicEdition|Win32
		{40822292-AA99-4F43-AA02-C00FE4695002}.DebugAcademicEdition|Win32.Build.0 = DebugAcademicEdition|Win32
		{40822292-AA99-4F43-AA02-C00FE4695002}.DebugAcademicEdition|x64.ActiveCfg = DebugAcademicEdition|x64
		{40822292-AA99-4F43-AA02-C00FE4695002}.DebugAcademicEdition|x64.Build.0 = DebugAcademicEdition|x64
		{40822292-AA99-4F43-AA02-C00FE4695002}.Release|Win32.ActiveCfg = Release|Win32
		{40822292-AA99-4F43-AA02-C00FE4695002}.Release|Win32.Build.0 = Release|Win32
		{40822292-AA99-4F43-AA02-C00FE4695002}.Release|x64.ActiveCfg = Release|x64
		{40822292-AA99-4F43-AA02-C00FE4695002}.Release|x64.Build.0 = Release|x64
		{40822292-AA99-4F43-AA02-C00FE4695002}.ReleaseAcademicEdition|Win32.ActiveCfg = ReleaseAcademicEdition|Win32
		{40822292-AA99-4F43-AA02-C00FE4695002}.ReleaseAcademicEdition|Win32.Build.0 = ReleaseAcademicEdition|Win32
		{40822292-AA99-4F43-AA02-C00FE4695002}.ReleaseAcademicEdition|x64.ActiveCfg = ReleaseAcademicEdition|x64
		{40822292-AA99-4F43-AA02-C00FE4695002}.ReleaseAcademicEdition|x64.Build.0 = ReleaseAcademicEdition|x64
		{F287F20D-30E2-40DA-807A-9215D1C3391F}.Debug|Win32.ActiveCfg = Debug|Win32
		{F287F20D-30E2-40DA-807A-9215D1C3391F}.Debug|Win32.Build.0 = Debug|Win32
		{F287F20D-30E2-40DA-807A-9215D1C3391F}.Debug|x64.ActiveCfg = Debug|x64
		{F287F20D-30E2-40DA-807A-9215D1C3391F}.Debug|x64.Build.0 = Debug|x64
		{F287F20D-30E2-40DA-807A-9215D1C3391F}.DebugAcademicEdition|Win32.ActiveCfg = DebugAcademicEdition|Win32
		{F287F20D-30E2-40DA-807A-9215D1C3391F}.DebugAcademicEdition|Win32.Build.0 = DebugAcademicEdition|Win32
		{F287F20D-30E2-40DA-807A-9215D1C3391F}.DebugAcademicEdition|x64.ActiveCfg = DebugAcademicEdition|x64
		{F287F20D-30E2-40DA-807A-9215D1C3391F}.DebugAcademicEdition|x64.Build.0 = DebugAcademicEdition|x64
		{F287F20D-30E2-40DA-807A-9215D1C3391F}.Release|Win32.ActiveCfg = Release|Win32
		{F287F20D-30E2-40DA-807A-9215D1C3391F}.Release|Win32.Build.0 = Release|Win32
		{F287F20D-30E2-40DA-807A-9215D1C3391F}.Release|x64.ActiveCfg = Release|x64
		{F287F20D-30E2-40DA-807A-9215D1C3391F}.Release|x64.Build.0 = Release|x64
		{F287F20D-30E2-40DA-807A-9215D1C3391F}.ReleaseAcademicEdition|Win32.ActiveCfg = ReleaseAcademicEdition|Win32
		{F287F20D-30E2-40DA-807A-9215D1C3391F}.ReleaseAcademicEdition|Win32.Build.0 = ReleaseAcademicEdition|Win32
		{F287F20D-30E2-40DA-807A-9215D1C3391F}.ReleaseAcademicEdition|x64.ActiveCfg = ReleaseAcademicEdition|x64
		{F287F20D-30E2-40DA-807A-9215D1C3391F}.ReleaseAcademicEdition|x64.Build.0 = ReleaseAcademicEdition|x64
		{3FAB66F5-BA54-470F-9D4B-3E73E58A76BC}.Debug|Win32.ActiveCfg = Debug|Win32
		{3FAB66F5-BA54-470F-9D4B-3E73E58A76BC}.Debug|Win32.Build.0 = Debug|Win32
		{3FAB66F5-BA54-470F-9D4B-3E73E58A76BC}.Debug|x64.ActiveCfg = Debug|x64
		{3FAB66F5-BA54-470F-9D4B-3E73E58A76BC}.Debug|x64.Build.0 = Debug|x64
		{3FAB66F5-BA54-470F-9D4B-3E73E58A76BC}.DebugAcademicEdition|Win32.ActiveCfg = DebugAcademicEdition|Win32
		{3FAB66F5-BA54-470F-9D4B-3E73E58A76BC}.DebugAcademicEdition|Win32.Build.0 = DebugAcademicEdition|Win32
		{3FAB66F5-BA54-470F-9D4B-3E73E58A76BC}.DebugAcademicEdition|x64.ActiveCfg = DebugAcademicEdition|x64
		{3FAB66F5-BA54-470F-9D4B-3E73E58A76BC}.DebugAcademicEdition|x64.Build.0 = DebugAcademicEdition|x64
		{3FAB66F5-BA54-470F-9D4B-3E73E58A76BC}.Release|Win32.ActiveCfg = Release|Win32
		{3FAB66F5-BA54-470F-9D4B-3E73E58A76BC}.Release|Win32.Build.0 = Release|Win32
		{3FAB66F5-BA54-470F-9D4B-3E73E58A76BC}.Release|x64.ActiveCfg = Release|x64
		{3FAB66F5-BA54-470F-9D4B-3E73E58A76BC}.Release|x64.Build.0 = Release|x64
		{3FAB66F5-BA54-470F-9D4B-3E73E58A76BC}.ReleaseAcademicEdition|Win32.ActiveCfg = ReleaseAcademicEdition|Win32
		{3FAB66F5-BA54-470F-9D4B-3E73E58A76BC}.ReleaseAcademicEdition|Win32.Build.0 = ReleaseAcademicEdition|Win32
		{3FAB66F5-BA54-470F-9D4B-3E73E58A76BC}.ReleaseAcademicEdition|x64.ActiveCfg = ReleaseAcademicEdition|x64
		{3FAB66F5-BA54-470F-9D4B-3E73E58A76BC}.ReleaseAcademicEdition|x64.Build.0 = ReleaseAcademicEdition|x64
		{26E33972-AB91-4199-A878-3B994EF5853C}.Debug|Win32.ActiveCfg = Debug|Win32
		{26E33972-AB91-4199-A878-3B994EF5853C}.Debug|Win32.Build.0 = Debug|Win32
		{26E33972-AB91-4199-A878-3B994EF5853C}.Debug|x64.ActiveCfg = Debug|x64
		{26E33972-AB91-4199-A878-3B994EF5853C}.Debug|x64.Build.0 = Debug|x64
		{26E33972-AB91-4199-A878-3B994EF5853C}.DebugAcademicEdition|Win32.ActiveCfg = DebugAcademicEdition|Win32
		{26E33972-AB91-4199-A878-3B994EF5853C}.DebugAcademicEdition|Win32.Build.0 = DebugAcademicEdition|Win32
		{26E33972-AB91-4199-A878-3B994EF5853C}.DebugAcademicEdition|x64.ActiveCfg = DebugAcademicEdition|x64
		{26E33972-AB91-4199-A878-3B994EF5853C}.DebugAcademicEdition|x64.Build.0 = DebugAcademicEdition|x64
		{26E33972-AB91-4199-A878-3B994EF5853C}.Release|Win32.ActiveCfg = Release|Win32
		{26E33972-AB91-4199-A878-3B994EF5853C}.Release|Win32.Build.0 = Release|Win32
		{26E33972-AB91-4199-A878-3B994EF5853C}.Release|x64.ActiveCfg = Release|x64
		{26E33972-AB91-4199-A878-3B994EF5853C}.Release|x64.Build.0 = Release|x64
		{26E33972-AB91-4199-A878-3B994EF5853C}.ReleaseAcademicEdition|Win32.ActiveCfg = ReleaseAcademicEdition|Win32
		{26E33972-AB91-4199-A878-3B994EF5853C}.ReleaseAcademicEdition|Win32.Build.0 = ReleaseAcademicEdition|Win32
		{26E33972-AB91-4199-A878-3B994EF5853C}.ReleaseAcademicEdition|x64.ActiveCfg = ReleaseAcademicEdition|x64
		{26E33972-AB91-4199-A878-3B994EF5853C}.ReleaseAcademicEdition|x64.Build.0 = ReleaseAcademicEdition|x64
		{1F1167F8-C9D3-4319-9E91-6023717A8B93}.Debug|Win32.ActiveCfg = Debug|Win32
		{1F1167F8-C9D3-4319-9E91-6023717A8B93}.Debug|Win32.Build.0 = Debug|Win32
		{1F1167F8-C9D3-4319-9E91-6023717A8B93}.Debug|x64.ActiveCfg = Debug|x64
		{1F1167F8-C9D3-4319-9E91-6023717A8B93}.Debug|x64.Build.0 = Debug|x64
		{1F1167F8-C9D3-4319-9E91-6023717A8B93}.DebugAcademicEdition|Win32.ActiveCfg = DebugAcademicEdition|Win32
		{1F1167F8-C9D3-4319-9E91-6023717A8B93}.DebugAcademicEdition|Win32.Build.0 = DebugAcademicEdition|Win32
		{1F1167F8-C9D3-4319-9E91-6023717A8B93}.DebugAcademicEdition|x64.ActiveCfg = DebugAcademicEdition|x64
		{1F1167F8-C9D3-4319-9E91-6023717A8B93}.DebugAcademicEdition|x64.Build.0 = DebugAcademicEdition|x64
		{1F1167F8-C9D3-4319-9E91-6023717A8B93}.Release|Win32.ActiveCfg = Release|Win32
		{1F1167F8-C9D3-4319-9E91-6023717A8B93}.Release|Win32.Build.0 = Release|Win32
		{1F1167F8-C9D3-4319-9E91-6023717A8B93}.Release|x64.ActiveCfg = Release|x64
		{1F1167F8-C9D3-4319-9E91-6023717A8B93}.Release|x64.Build.0 = Release|x64
		{1F1167F8-C9D3-4319-9E91-6023717A8B93}.ReleaseAcademicEdition|Win32.ActiveCfg = ReleaseAcademicEdition|Win32
		{1F1167F8-C9D3-4319-9E91-6023717A8B93}.ReleaseAcademicEdition|Win32.Build.0 = ReleaseAcademicEdition|Win32
		{1F1167F8-C9D3-4319-9E91-6023717A8B93}.ReleaseAcademicEdition|x64.ActiveCfg = ReleaseAcademicEdition|x64
		{1F1167F8-C9D3-4319-9E91-6023717A8B93}.ReleaseAcademicEdition|x64.Build.0 = ReleaseAcademicEdition|x64
		{567F4BAC-4081-4A75-9A01-08DC0EDD4C95}.Debug|Win32.ActiveCfg = Debug|Win32
		{567F4BAC-4081-4A75-9A01-08DC0EDD4C95}.Debug|Win32.Build.0 = Debug|Win32
		{567F4BAC-4081-4A75-9A01-08DC0EDD4C95}.Debug|x64.ActiveCfg = Debug|x64
		{567F4BAC-4081-4A75-9A01-08DC0EDD4C95}.Debug|x64.Build.0 = Debug|x64
		{567F4BAC-4081-4A75-9A01-08DC0EDD4C95}.DebugAcademicEdition|Win32.ActiveCfg = DebugAcademicEdition|Win32
		{567F4BAC-4081-4A75-9A01-08DC0EDD4C95}.DebugAcademicEdition|Win32.Build.0 = DebugAcademicEdition|Win32
		{567F4BAC-4081-4A75-9A01-08DC0EDD4C95}.DebugAcademicEdition|x64.ActiveCfg = DebugAcademicEdition|x64
		{567F4BAC-4081-4A75-9A01-08DC0EDD4C95}.DebugAcademicEdition|x64.Build.0 = DebugAcademicEdition|x64
		{567F4BAC-4081-4A75-9A01-08DC0EDD4C95}.Release|Win32.ActiveCfg = Release|Win32
		{567F4BAC-4081-4A75-9A01-08DC0EDD4C95}.Release|Win32.Build.0 = Release|Win32
		{567F4BAC-4081-4A75-9A01-08DC0EDD4C95}.Release|x64.ActiveCfg = Release|x64
		{567F4BAC-4081-4A75-9A01-08DC0EDD4C95}.Release|x64.Build.0 = Release|x64
		{567F4BAC-4081-4A75-9A01-08DC0EDD4C95}.ReleaseAcademicEdition|Win32.ActiveCfg = ReleaseAcademicEdition|Win32
		{567F4BAC-4081-4A75-9A01-08DC0EDD4C95}.ReleaseAcademicEdition|Win32.Build.0 = ReleaseAcademicEdition|Win32
		{567F4BAC-4081-4A75-9A01-08DC0EDD4C95}.ReleaseAcademicEdition|x64.ActiveCfg = ReleaseAcademicEdition|x64
		{567F4BAC-4081-4A75-9A01-08DC0EDD4C95}.ReleaseAcademicEdition|x64.Build.0 = ReleaseAcademicEdition|x64
		{9A7E7EB6-99A0-4DB4-95A1-591BF1CC1C14}.Debug|Win32.ActiveCfg = Debug|Win32
		{9A7E7EB6-99A0-4DB4-95A1-591BF1CC1C14}.Debug|Win32.Build.0 = Debug|Win32
		{9A7E7EB6-99A0-4DB4-95A1-591BF1CC1C14}.Debug|x64.ActiveCfg = Debug|x64
		{9A7E7EB6-99A0-4DB4-95A1-591BF1CC1C14}.Debug|x64.Build.0 = Debug|x64
		{9A7E7EB6-99A0-4DB4-95A1-591BF1CC1C14}.DebugAcademicEdition|Win32.ActiveCfg = DebugAcademicEdition|Win32
		{9A7E7EB6-99A0-4DB4-95A1-591BF1CC1C14}.DebugAcademicEdition|Win32.Build.0 = DebugAcademicEdition|Win32
		{9A7E7EB6-99A0-4DB4-95A1-591BF1CC1C14}.DebugAcademicEdition|x64.ActiveCfg = DebugAcademicEdition|x64
		{9A7E7EB6-99A0-4DB4-95A1-591BF1CC1C14}.DebugAcademicEdition|x64.Build.0 = DebugAcademicEdition|x64
		{9A7E7EB6-99A0-4DB4-95A1-591BF1CC1C14}.Release|Win32.ActiveCfg = Release|Win32
		{9A7E7EB6-99A0-4DB4-95A1-591BF1CC1C14}.Release|Win32.Build.0 = Release|Win32
		{9A7E7EB6-99A0-4DB4-95A1-591BF1CC1C14}.Release|x64.ActiveCfg = Release|x64
		{9A7E7EB6-99A0-4DB4-95A1-591BF1CC1C14}.Release|x64.Build.0 = Release|x64
		{9A7E7EB6-99A0-4DB4-95A1-591BF1CC1C14}.ReleaseAcademicEdition|Win32.ActiveCfg = ReleaseAcademicEdition|Win32
		{9A7E7EB6-99A0-4DB4-95A1-591BF1CC1C14}.ReleaseAcademicEdition|Win32.Build.0 = ReleaseAcademicEdition|Win32
		{9A7E7EB6-99A0-4DB4-95A1-591BF1CC1C14}.ReleaseAcademicEdition|x64.ActiveCfg = ReleaseAcademicEdition|x64
		{9A7E7EB6-99A0-4DB4-95A1-591BF1CC1C14}.ReleaseAcademicEdition|x64.Build.0 = ReleaseAcademicEdition|x64
		{225CBC3B-7851-4377-8A51-22C881C0D0AE}.Debug|Win32.ActiveCfg = Debug|Win32
		{225CBC3B-7851-4377-8A51-22C881C0D0AE}.Debug|Win32.Build.0 = Debug|Win32
		{225CBC3B-7851-4377-8A51-22C881C0D0AE}.Debug|x64.ActiveCfg = Debug|x64
		{225CBC3B-7851-4377-8A51-22C881C0D0AE}.Debug|x64.Build.0 = Debug|x64
		{225CBC3B-7851-4377-8A51-22C881C0D0AE}.DebugAcademicEdition|Win32.ActiveCfg = DebugAcademicEdition|Win32
		{225CBC3B-7851-4377-8A51-22C881C0D0AE}.DebugAcademicEdition|Win32.Build.0 = DebugAcademicEdition|Win32
		{225CBC3B-7851-4377-8A51-22C881C0D0AE}.DebugAcademicEdition|x64.ActiveCfg = DebugAcademicEdition|x64
		{225CBC3B-7851-4377-8A51-22C881C0D0AE}.DebugAcademicEdition|x64.Build.0 = DebugAcademicEdition|x64
		{225CBC3B-7851-4377-8A51-22C881C0D0AE}.Release|Win32.ActiveCfg = Release|Win32
		{225CBC3B-7851-4377-8A51-22C881C0D0AE}.Release|Win32.Build.0 = Release|Win32
		{225CBC3B-7851-4377-8A51-22C881C0D0AE}.Release|x64.ActiveCfg = Release|x64
		{225CBC3B-7851-4377-8A51-22C881C0D0AE}.Release|x64.Build.0 = Release|x64
		{225CBC3B-7851-4377-8A51-22C881C0D0AE}.ReleaseAcademicEdition|Win32.ActiveCfg = ReleaseAcademicEdition|Win32
		{225CBC3B-7851-4377-8A51-22C881C0D0AE}.ReleaseAcademicEdition|Win32.Build.0 = ReleaseAcademicEdition|Win32
		{225CBC3B-7851-4377-8A51-22C881C0D0AE}.ReleaseAcademicEdition|x64.ActiveCfg = ReleaseAcademicEdition|x64
		{225CBC3B-7851-4377-8A51-22C881C0D0AE}.ReleaseAcademicEdition|x64.Build.0 = ReleaseAcademicEdition|x64
		{F045BA30-4116-4E0D-B0D4-FD007F8C9173}.Debug|Win32.ActiveCfg = Debug|Win32
		{F045BA30-4116-4E0D-B0D4-FD007F8C9173}.Debug|Win32.Build.0 = Debug|Win32
		{F045BA30-4116-4E0D-B0D4-FD007F8C9173}.Debug|x64.ActiveCfg = Debug|x64
		{F045BA30-4116-4E0D-B0D4-FD007F8C9173}.Debug|x64.Build.0 = Debug|x64
		{F045BA30-4116-4E0D-B0D4-FD007F8C9173}.DebugAcademicEdition|Win32.ActiveCfg = DebugAcademicEdition|Win32
		{F045BA30-4116-4E0D-B0D4-FD007F8C9173}.DebugAcademicEdition|Win32.Build.0 = DebugAcademicEdition|Win32
		{F045BA30-4116-4E0D-B0D4-FD007F8C9173}.DebugAcademicEdition|x64.ActiveCfg = DebugAcademicEdition|x64
		{F045BA30-4116-4E0D-B0D4-FD007F8C9173}.DebugAcademicEdition|x64.Build.0 = DebugAcademicEdition|x64
		{F045BA30-4116-4E0D-B0D4-FD007F8C9173}.Release|Win32.ActiveCfg = Release|Win32
		{F045BA30-4116-4E0D-B0D4-FD007F8C9173}.Release|Win32.Build.0 = Release|Win32
		{F045BA30-4116-4E0D-B0D4-FD007F8C9173}.Release|x64.ActiveCfg = Release|x64
		{F045BA30-4116-4E0D-B0D4-FD007F8C9173}.Release|x64.Build.0 = Release|x64
		{F045BA30-4116-4E0D-B0D4-FD007F8C9173}.ReleaseAcademicEdition|Win32.ActiveCfg = ReleaseAcademicEdition|Win32
		{F045BA30-4116-4E0D-B0D4-FD007F8C9173}.ReleaseAcademicEdition|Win32.Build.0 = ReleaseAcademicEdition|Win32
		{F045BA30-4116-4E0D-B0D4-FD007F8C9173}.ReleaseAcademicEdition|x64.ActiveCfg = ReleaseAcademicEdition|x64
		{F045BA30-4116-4E0D-B0D4-FD007F8C9173}.ReleaseAcademicEdition|x64.Build.0 = ReleaseAcademicEdition|x64
		{BC59A690-8389-43B6-9B7E-71B8ECC840E1}.Debug|Win32.ActiveCfg = Debug|Win32
		{BC59A690-8389-43B6-9B7E-71B8ECC840E1}.Debug|Win32.Build.0 = Debug|Win32
		{BC59A690-8389-43B6-9B7E-71B8ECC840E1}.Debug|x64.ActiveCfg = Debug|x64
		{BC59A690-8389-43B6-9B7E-71B8ECC840E1}.Debug|x64.Build.0 = Debug|x64
		{BC59A690-8389-43B6-9B7E-71B8ECC840E1}.DebugAcademicEdition|Win32.ActiveCfg = DebugAcademicEdition|Win32
		{BC59A690-8389-43B6-9B7E-71B8ECC840E1}.DebugAcademicEdition|Win32.Build.0 = DebugAcademicEdition|Win32
		{BC59A690-8389-43B6-9B7E-71B8ECC840E1}.DebugAcademicEdition|x64.ActiveCfg = DebugAcademicEdition|x64
		{BC59A690-8389-43B6-9B7E-71B8ECC840E1}.DebugAcademicEdition|x64.Build.0 = DebugAcademicEdition|x64
		{BC59A690-8389-43B6-9B7E-71B8ECC840E1}.Release|Win32.ActiveCfg = Release|Win32
		{BC59A690-8389-43B6-9B7E-71B8ECC840E1}.Release|Win32.Build.0 = Release|Win32
		{BC59A690-8389-43B6-9B7E-71B8ECC840E1}.Release|x64.ActiveCfg = Release|x64
		{BC59A690-8389-43B6-9B7E-71B8ECC840E1}.Release|x64.Build.0 = Release|x64
		{BC59A690-8389-43B6-9B7E-71B8ECC840E1}.ReleaseAcademicEdition|Win32.ActiveCfg = ReleaseAcademicEdition|Win32
		{BC59A690-8389-43B6-9B7E-71B8ECC840E1}.ReleaseAcademicEdition|Win32.Build.0 = ReleaseAcademicEdition|Win32
		{BC59A690-8389-43B6-9B7E-71B8ECC840E1}.ReleaseAcademicEdition|x64.ActiveCfg = ReleaseAcademicEdition|x64
		{BC59A690-8389-43B6-9B7E-71B8ECC840E1}.ReleaseAcademicEdition|x64.Build.0 = ReleaseAcademicEdition|x64
	EndGlobalSection
	GlobalSection(SolutionProperties) = preSolution
		HideSolutionNode = FALSE
	EndGlobalSection
EndGlobal
