Microsoft Visual Studio Solution File, Format Version 11.00
# Visual Studio 2010
Project("{8BC9CEB8-8B4A-11D0-8D11-00A0C91BC942}") = "HDU", "HDU.vcxproj", "{5492C1CD-A8F2-4399-9AA4-6A2BAE17F465}"
EndProject
Global
	GlobalSection(SolutionConfigurationPlatforms) = preSolution
		Debug|Win32 = Debug|Win32
		Release|Win32 = Release|Win32
		ReleaseWithSymbols|Win32 = ReleaseWithSymbols|Win32
	EndGlobalSection
	GlobalSection(ProjectConfigurationPlatforms) = postSolution
		{5492C1CD-A8F2-4399-9AA4-6A2BAE17F465}.Debug|Win32.ActiveCfg = Debug|Win32
		{5492C1CD-A8F2-4399-9AA4-6A2BAE17F465}.Debug|Win32.Build.0 = Debug|Win32
		{5492C1CD-A8F2-4399-9AA4-6A2BAE17F465}.Release|Win32.ActiveCfg = Release|Win32
		{5492C1CD-A8F2-4399-9AA4-6A2BAE17F465}.Release|Win32.Build.0 = Release|Win32
		{5492C1CD-A8F2-4399-9AA4-6A2BAE17F465}.ReleaseWithSymbols|Win32.ActiveCfg = ReleaseWithSymbols|Win32
		{5492C1CD-A8F2-4399-9AA4-6A2BAE17F465}.ReleaseWithSymbols|Win32.Build.0 = ReleaseWithSymbols|Win32
	EndGlobalSection
	GlobalSection(SolutionProperties) = preSolution
		HideSolutionNode = FALSE
	EndGlobalSection
EndGlobal
